// !$*UTF8*$!
{
	archiveVersion = 1;
	classes = {
	};
	objectVersion = 51;
	objects = {

/* Begin PBXBuildFile section */
		B39D0B6A23F0823100C49D70 /* MarvelHeroesViewController.xib in Resources */ = {isa = PBXBuildFile; fileRef = B39D0B6823F0823100C49D70 /* MarvelHeroesViewController.xib */; };
		B39D0B6D23F0966200C49D70 /* MarvelHeroes.swift in Sources */ = {isa = PBXBuildFile; fileRef = B39D0B6C23F0966200C49D70 /* MarvelHeroes.swift */; };
		B39D0B6E23F09B1500C49D70 /* MarvelHeroes.xib in Resources */ = {isa = PBXBuildFile; fileRef = FACD584C22CFF460002A20CF /* MarvelHeroes.xib */; };
		B39D0B7223F0A8FF00C49D70 /* Comics.swift in Sources */ = {isa = PBXBuildFile; fileRef = B39D0B7123F0A8FF00C49D70 /* Comics.swift */; };
		B39D0B7423F0AAC700C49D70 /* ComicsItem.swift in Sources */ = {isa = PBXBuildFile; fileRef = B39D0B7323F0AAC700C49D70 /* ComicsItem.swift */; };
		B39D0B7623F0AAE300C49D70 /* Stories.swift in Sources */ = {isa = PBXBuildFile; fileRef = B39D0B7523F0AAE300C49D70 /* Stories.swift */; };
		B39D0B7823F0AB0900C49D70 /* StoriesItem.swift in Sources */ = {isa = PBXBuildFile; fileRef = B39D0B7723F0AB0900C49D70 /* StoriesItem.swift */; };
		B39D0B7A23F0AB3E00C49D70 /* ThumbnailDetail.swift in Sources */ = {isa = PBXBuildFile; fileRef = B39D0B7923F0AB3E00C49D70 /* ThumbnailDetail.swift */; };
		B39D0B7C23F0AB6500C49D70 /* URLElement.swift in Sources */ = {isa = PBXBuildFile; fileRef = B39D0B7B23F0AB6500C49D70 /* URLElement.swift */; };
		B39D0B7F23F0B01E00C49D70 /* MarvelHeroesDetailViewController.swift in Sources */ = {isa = PBXBuildFile; fileRef = B39D0B7D23F0B01E00C49D70 /* MarvelHeroesDetailViewController.swift */; };
		B39D0B8023F0B01E00C49D70 /* MarvelHeroesDetailViewController.xib in Resources */ = {isa = PBXBuildFile; fileRef = B39D0B7E23F0B01E00C49D70 /* MarvelHeroesDetailViewController.xib */; };
		B39D0B8223F0B0B200C49D70 /* HeroDetail.swift in Sources */ = {isa = PBXBuildFile; fileRef = B39D0B8123F0B0B200C49D70 /* HeroDetail.swift */; };
		B39D0B8423F0B10D00C49D70 /* DataClass.swift in Sources */ = {isa = PBXBuildFile; fileRef = B39D0B8323F0B10D00C49D70 /* DataClass.swift */; };
		B39D0B8623F0B12F00C49D70 /* Result.swift in Sources */ = {isa = PBXBuildFile; fileRef = B39D0B8523F0B12F00C49D70 /* Result.swift */; };
		B39D0B8823F0D28400C49D70 /* MarvelHeroesViewController.swift in Sources */ = {isa = PBXBuildFile; fileRef = B39D0B8723F0D28400C49D70 /* MarvelHeroesViewController.swift */; };
		B39D0B8B23F0DAB300C49D70 /* MarvelHeroesRouter.swift in Sources */ = {isa = PBXBuildFile; fileRef = B39D0B8A23F0DAB300C49D70 /* MarvelHeroesRouter.swift */; };
		B3F3EE6E23F1E0E800E2B54F /* InitialRouter.swift in Sources */ = {isa = PBXBuildFile; fileRef = B3F3EE6D23F1E0E800E2B54F /* InitialRouter.swift */; };
		B3F3EE7023F1FAC700E2B54F /* Endpoint.swift in Sources */ = {isa = PBXBuildFile; fileRef = B3F3EE6F23F1FAC700E2B54F /* Endpoint.swift */; };
		B3F3EE7223F2000800E2B54F /* ApiRequester.swift in Sources */ = {isa = PBXBuildFile; fileRef = B3F3EE7123F2000800E2B54F /* ApiRequester.swift */; };
		B3F3EE7423F201CA00E2B54F /* HeroService.swift in Sources */ = {isa = PBXBuildFile; fileRef = B3F3EE7323F201CA00E2B54F /* HeroService.swift */; };
		D5949EC0F6683981A7934892 /* Pods_MarvelApp.framework in Frameworks */ = {isa = PBXBuildFile; fileRef = 95DE903957BDFA82C7550F46 /* Pods_MarvelApp.framework */; };
		E1610B0122AAD908007AE66D /* WebKit.framework in Frameworks */ = {isa = PBXBuildFile; fileRef = E1610B0022AAD908007AE66D /* WebKit.framework */; };
		E19F652322A944AC006D6AEC /* AppDelegate.swift in Sources */ = {isa = PBXBuildFile; fileRef = E19F652222A944AC006D6AEC /* AppDelegate.swift */; };
		E19F652A22A944AE006D6AEC /* Assets.xcassets in Resources */ = {isa = PBXBuildFile; fileRef = E19F652922A944AE006D6AEC /* Assets.xcassets */; };
		E19F654322A944AE006D6AEC /* MarvelAppUITests.swift in Sources */ = {isa = PBXBuildFile; fileRef = E19F654222A944AE006D6AEC /* MarvelAppUITests.swift */; };
		E1F7100123620C5E00176254 /* MarvelCharactersViewModel.swift in Sources */ = {isa = PBXBuildFile; fileRef = E1F7100023620C5E00176254 /* MarvelCharactersViewModel.swift */; };
		FACD585122CFFE94002A20CF /* Hero.swift in Sources */ = {isa = PBXBuildFile; fileRef = FACD585022CFFE94002A20CF /* Hero.swift */; };
		FACD585322CFFF5E002A20CF /* HeroData.swift in Sources */ = {isa = PBXBuildFile; fileRef = FACD585222CFFF5E002A20CF /* HeroData.swift */; };
		FACD585522D0013B002A20CF /* HeroInfo.swift in Sources */ = {isa = PBXBuildFile; fileRef = FACD585422D0013B002A20CF /* HeroInfo.swift */; };
		FACD585722D001CB002A20CF /* Thumbnail.swift in Sources */ = {isa = PBXBuildFile; fileRef = FACD585622D001CB002A20CF /* Thumbnail.swift */; };
		FACD585E22D01A01002A20CF /* ListHeroesService.swift in Sources */ = {isa = PBXBuildFile; fileRef = FACD585D22D01A01002A20CF /* ListHeroesService.swift */; };
/* End PBXBuildFile section */

/* Begin PBXContainerItemProxy section */
		E19F653422A944AE006D6AEC /* PBXContainerItemProxy */ = {
			isa = PBXContainerItemProxy;
			containerPortal = E19F651722A944AC006D6AEC /* Project object */;
			proxyType = 1;
			remoteGlobalIDString = E19F651E22A944AC006D6AEC;
			remoteInfo = MarvelApp;
		};
		E19F653F22A944AE006D6AEC /* PBXContainerItemProxy */ = {
			isa = PBXContainerItemProxy;
			containerPortal = E19F651722A944AC006D6AEC /* Project object */;
			proxyType = 1;
			remoteGlobalIDString = E19F651E22A944AC006D6AEC;
			remoteInfo = MarvelApp;
		};
/* End PBXContainerItemProxy section */

/* Begin PBXFileReference section */
		11915CA7115B3C61D68CF939 /* Pods-MarvelApp.release.xcconfig */ = {isa = PBXFileReference; includeInIndex = 1; lastKnownFileType = text.xcconfig; name = "Pods-MarvelApp.release.xcconfig"; path = "Target Support Files/Pods-MarvelApp/Pods-MarvelApp.release.xcconfig"; sourceTree = "<group>"; };
		1F8ABD969558E5B87D9EA01C /* Pods-MarvelApp.debug.xcconfig */ = {isa = PBXFileReference; includeInIndex = 1; lastKnownFileType = text.xcconfig; name = "Pods-MarvelApp.debug.xcconfig"; path = "Target Support Files/Pods-MarvelApp/Pods-MarvelApp.debug.xcconfig"; sourceTree = "<group>"; };
		95DE903957BDFA82C7550F46 /* Pods_MarvelApp.framework */ = {isa = PBXFileReference; explicitFileType = wrapper.framework; includeInIndex = 0; path = Pods_MarvelApp.framework; sourceTree = BUILT_PRODUCTS_DIR; };
		B39D0B6823F0823100C49D70 /* MarvelHeroesViewController.xib */ = {isa = PBXFileReference; lastKnownFileType = file.xib; path = MarvelHeroesViewController.xib; sourceTree = "<group>"; };
		B39D0B6C23F0966200C49D70 /* MarvelHeroes.swift */ = {isa = PBXFileReference; lastKnownFileType = sourcecode.swift; path = MarvelHeroes.swift; sourceTree = "<group>"; };
		B39D0B7123F0A8FF00C49D70 /* Comics.swift */ = {isa = PBXFileReference; lastKnownFileType = sourcecode.swift; path = Comics.swift; sourceTree = "<group>"; };
		B39D0B7323F0AAC700C49D70 /* ComicsItem.swift */ = {isa = PBXFileReference; lastKnownFileType = sourcecode.swift; path = ComicsItem.swift; sourceTree = "<group>"; };
		B39D0B7523F0AAE300C49D70 /* Stories.swift */ = {isa = PBXFileReference; lastKnownFileType = sourcecode.swift; path = Stories.swift; sourceTree = "<group>"; };
		B39D0B7723F0AB0900C49D70 /* StoriesItem.swift */ = {isa = PBXFileReference; lastKnownFileType = sourcecode.swift; path = StoriesItem.swift; sourceTree = "<group>"; };
		B39D0B7923F0AB3E00C49D70 /* ThumbnailDetail.swift */ = {isa = PBXFileReference; lastKnownFileType = sourcecode.swift; path = ThumbnailDetail.swift; sourceTree = "<group>"; };
		B39D0B7B23F0AB6500C49D70 /* URLElement.swift */ = {isa = PBXFileReference; lastKnownFileType = sourcecode.swift; path = URLElement.swift; sourceTree = "<group>"; };
		B39D0B7D23F0B01E00C49D70 /* MarvelHeroesDetailViewController.swift */ = {isa = PBXFileReference; lastKnownFileType = sourcecode.swift; path = MarvelHeroesDetailViewController.swift; sourceTree = "<group>"; };
		B39D0B7E23F0B01E00C49D70 /* MarvelHeroesDetailViewController.xib */ = {isa = PBXFileReference; lastKnownFileType = file.xib; path = MarvelHeroesDetailViewController.xib; sourceTree = "<group>"; };
		B39D0B8123F0B0B200C49D70 /* HeroDetail.swift */ = {isa = PBXFileReference; lastKnownFileType = sourcecode.swift; path = HeroDetail.swift; sourceTree = "<group>"; };
		B39D0B8323F0B10D00C49D70 /* DataClass.swift */ = {isa = PBXFileReference; lastKnownFileType = sourcecode.swift; path = DataClass.swift; sourceTree = "<group>"; };
		B39D0B8523F0B12F00C49D70 /* Result.swift */ = {isa = PBXFileReference; lastKnownFileType = sourcecode.swift; path = Result.swift; sourceTree = "<group>"; };
		B39D0B8723F0D28400C49D70 /* MarvelHeroesViewController.swift */ = {isa = PBXFileReference; fileEncoding = 4; lastKnownFileType = sourcecode.swift; path = MarvelHeroesViewController.swift; sourceTree = "<group>"; };
		B39D0B8A23F0DAB300C49D70 /* MarvelHeroesRouter.swift */ = {isa = PBXFileReference; lastKnownFileType = sourcecode.swift; path = MarvelHeroesRouter.swift; sourceTree = "<group>"; };
		B3F3EE6D23F1E0E800E2B54F /* InitialRouter.swift */ = {isa = PBXFileReference; lastKnownFileType = sourcecode.swift; path = InitialRouter.swift; sourceTree = "<group>"; };
		B3F3EE6F23F1FAC700E2B54F /* Endpoint.swift */ = {isa = PBXFileReference; lastKnownFileType = sourcecode.swift; path = Endpoint.swift; sourceTree = "<group>"; };
		B3F3EE7123F2000800E2B54F /* ApiRequester.swift */ = {isa = PBXFileReference; lastKnownFileType = sourcecode.swift; path = ApiRequester.swift; sourceTree = "<group>"; };
		B3F3EE7323F201CA00E2B54F /* HeroService.swift */ = {isa = PBXFileReference; lastKnownFileType = sourcecode.swift; path = HeroService.swift; sourceTree = "<group>"; };
		E1610B0022AAD908007AE66D /* WebKit.framework */ = {isa = PBXFileReference; lastKnownFileType = wrapper.framework; name = WebKit.framework; path = System/Library/Frameworks/WebKit.framework; sourceTree = SDKROOT; };
		E19F651F22A944AC006D6AEC /* MarvelApp.app */ = {isa = PBXFileReference; explicitFileType = wrapper.application; includeInIndex = 0; path = MarvelApp.app; sourceTree = BUILT_PRODUCTS_DIR; };
		E19F652222A944AC006D6AEC /* AppDelegate.swift */ = {isa = PBXFileReference; lastKnownFileType = sourcecode.swift; path = AppDelegate.swift; sourceTree = "<group>"; };
		E19F652922A944AE006D6AEC /* Assets.xcassets */ = {isa = PBXFileReference; lastKnownFileType = folder.assetcatalog; path = Assets.xcassets; sourceTree = "<group>"; };
		E19F652E22A944AE006D6AEC /* Info.plist */ = {isa = PBXFileReference; lastKnownFileType = text.plist.xml; path = Info.plist; sourceTree = "<group>"; };
		E19F653322A944AE006D6AEC /* MarvelAppTests.xctest */ = {isa = PBXFileReference; explicitFileType = wrapper.cfbundle; includeInIndex = 0; path = MarvelAppTests.xctest; sourceTree = BUILT_PRODUCTS_DIR; };
		E19F653722A944AE006D6AEC /* MarvelAppTests.swift */ = {isa = PBXFileReference; lastKnownFileType = sourcecode.swift; path = MarvelAppTests.swift; sourceTree = "<group>"; };
		E19F653922A944AE006D6AEC /* Info.plist */ = {isa = PBXFileReference; lastKnownFileType = text.plist.xml; path = Info.plist; sourceTree = "<group>"; };
		E19F653E22A944AE006D6AEC /* MarvelAppUITests.xctest */ = {isa = PBXFileReference; explicitFileType = wrapper.cfbundle; includeInIndex = 0; path = MarvelAppUITests.xctest; sourceTree = BUILT_PRODUCTS_DIR; };
		E19F654222A944AE006D6AEC /* MarvelAppUITests.swift */ = {isa = PBXFileReference; lastKnownFileType = sourcecode.swift; path = MarvelAppUITests.swift; sourceTree = "<group>"; };
		E19F654422A944AE006D6AEC /* Info.plist */ = {isa = PBXFileReference; lastKnownFileType = text.plist.xml; path = Info.plist; sourceTree = "<group>"; };
		E1F7100023620C5E00176254 /* MarvelCharactersViewModel.swift */ = {isa = PBXFileReference; lastKnownFileType = sourcecode.swift; path = MarvelCharactersViewModel.swift; sourceTree = "<group>"; };
		FACD584C22CFF460002A20CF /* MarvelHeroes.xib */ = {isa = PBXFileReference; lastKnownFileType = file.xib; path = MarvelHeroes.xib; sourceTree = "<group>"; };
		FACD585022CFFE94002A20CF /* Hero.swift */ = {isa = PBXFileReference; lastKnownFileType = sourcecode.swift; path = Hero.swift; sourceTree = "<group>"; };
		FACD585222CFFF5E002A20CF /* HeroData.swift */ = {isa = PBXFileReference; lastKnownFileType = sourcecode.swift; path = HeroData.swift; sourceTree = "<group>"; };
		FACD585422D0013B002A20CF /* HeroInfo.swift */ = {isa = PBXFileReference; lastKnownFileType = sourcecode.swift; path = HeroInfo.swift; sourceTree = "<group>"; };
		FACD585622D001CB002A20CF /* Thumbnail.swift */ = {isa = PBXFileReference; lastKnownFileType = sourcecode.swift; path = Thumbnail.swift; sourceTree = "<group>"; };
		FACD585D22D01A01002A20CF /* ListHeroesService.swift */ = {isa = PBXFileReference; lastKnownFileType = sourcecode.swift; path = ListHeroesService.swift; sourceTree = "<group>"; };
/* End PBXFileReference section */

/* Begin PBXFrameworksBuildPhase section */
		E19F651C22A944AC006D6AEC /* Frameworks */ = {
			isa = PBXFrameworksBuildPhase;
			buildActionMask = 2147483647;
			files = (
				E1610B0122AAD908007AE66D /* WebKit.framework in Frameworks */,
				D5949EC0F6683981A7934892 /* Pods_MarvelApp.framework in Frameworks */,
			);
			runOnlyForDeploymentPostprocessing = 0;
		};
		E19F653022A944AE006D6AEC /* Frameworks */ = {
			isa = PBXFrameworksBuildPhase;
			buildActionMask = 2147483647;
			files = (
			);
			runOnlyForDeploymentPostprocessing = 0;
		};
		E19F653B22A944AE006D6AEC /* Frameworks */ = {
			isa = PBXFrameworksBuildPhase;
			buildActionMask = 2147483647;
			files = (
			);
			runOnlyForDeploymentPostprocessing = 0;
		};
/* End PBXFrameworksBuildPhase section */

/* Begin PBXGroup section */
		B39D0B6B23F08B9600C49D70 /* Resources */ = {
			isa = PBXGroup;
			children = (
				E19F652922A944AE006D6AEC /* Assets.xcassets */,
			);
			path = Resources;
			sourceTree = "<group>";
		};
		B39D0B6F23F0A88D00C49D70 /* MarvelHeroesDetails */ = {
			isa = PBXGroup;
			children = (
				B39D0B7023F0A8B700C49D70 /* Model */,
				B39D0B7D23F0B01E00C49D70 /* MarvelHeroesDetailViewController.swift */,
				B39D0B7E23F0B01E00C49D70 /* MarvelHeroesDetailViewController.xib */,
			);
			path = MarvelHeroesDetails;
			sourceTree = "<group>";
		};
		B39D0B7023F0A8B700C49D70 /* Model */ = {
			isa = PBXGroup;
			children = (
				B39D0B7123F0A8FF00C49D70 /* Comics.swift */,
				B39D0B7323F0AAC700C49D70 /* ComicsItem.swift */,
				B39D0B7523F0AAE300C49D70 /* Stories.swift */,
				B39D0B7723F0AB0900C49D70 /* StoriesItem.swift */,
				B39D0B7923F0AB3E00C49D70 /* ThumbnailDetail.swift */,
				B39D0B7B23F0AB6500C49D70 /* URLElement.swift */,
				B39D0B8123F0B0B200C49D70 /* HeroDetail.swift */,
				B39D0B8323F0B10D00C49D70 /* DataClass.swift */,
				B39D0B8523F0B12F00C49D70 /* Result.swift */,
			);
			path = Model;
			sourceTree = "<group>";
		};
		B39D0B8923F0DA9900C49D70 /* Router */ = {
			isa = PBXGroup;
			children = (
				B39D0B8A23F0DAB300C49D70 /* MarvelHeroesRouter.swift */,
			);
			path = Router;
			sourceTree = "<group>";
		};
		B3F3EE7523F2316800E2B54F /* ListHeroes */ = {
			isa = PBXGroup;
			children = (
				FACD585D22D01A01002A20CF /* ListHeroesService.swift */,
			);
			path = ListHeroes;
			sourceTree = "<group>";
		};
		B3F3EE7623F2318800E2B54F /* SearchHero */ = {
			isa = PBXGroup;
			children = (
				B3F3EE7323F201CA00E2B54F /* HeroService.swift */,
			);
			path = SearchHero;
			sourceTree = "<group>";
		};
		D1147AFF09F8A6C2F35D33B3 /* Pods */ = {
			isa = PBXGroup;
			children = (
				1F8ABD969558E5B87D9EA01C /* Pods-MarvelApp.debug.xcconfig */,
				11915CA7115B3C61D68CF939 /* Pods-MarvelApp.release.xcconfig */,
			);
			path = Pods;
			sourceTree = "<group>";
		};
		E19F651622A944AC006D6AEC = {
			isa = PBXGroup;
			children = (
				E19F652122A944AC006D6AEC /* MarvelApp */,
				E19F653622A944AE006D6AEC /* MarvelAppTests */,
				E19F654122A944AE006D6AEC /* MarvelAppUITests */,
				E19F652022A944AC006D6AEC /* Products */,
				D1147AFF09F8A6C2F35D33B3 /* Pods */,
				E8D03BD138E9BB76FF2DBD6E /* Frameworks */,
			);
			sourceTree = "<group>";
		};
		E19F652022A944AC006D6AEC /* Products */ = {
			isa = PBXGroup;
			children = (
				E19F651F22A944AC006D6AEC /* MarvelApp.app */,
				E19F653322A944AE006D6AEC /* MarvelAppTests.xctest */,
				E19F653E22A944AE006D6AEC /* MarvelAppUITests.xctest */,
			);
			name = Products;
			sourceTree = "<group>";
		};
		E19F652122A944AC006D6AEC /* MarvelApp */ = {
			isa = PBXGroup;
			children = (
				B39D0B6F23F0A88D00C49D70 /* MarvelHeroesDetails */,
				FACD585C22D019DE002A20CF /* Network */,
				FACD584A22CFF377002A20CF /* MarvelHeroesList */,
				B39D0B6B23F08B9600C49D70 /* Resources */,
				E19F652222A944AC006D6AEC /* AppDelegate.swift */,
				E19F652E22A944AE006D6AEC /* Info.plist */,
				B3F3EE6D23F1E0E800E2B54F /* InitialRouter.swift */,
			);
			path = MarvelApp;
			sourceTree = "<group>";
		};
		E19F653622A944AE006D6AEC /* MarvelAppTests */ = {
			isa = PBXGroup;
			children = (
				E19F653722A944AE006D6AEC /* MarvelAppTests.swift */,
				E19F653922A944AE006D6AEC /* Info.plist */,
			);
			path = MarvelAppTests;
			sourceTree = "<group>";
		};
		E19F654122A944AE006D6AEC /* MarvelAppUITests */ = {
			isa = PBXGroup;
			children = (
				E19F654222A944AE006D6AEC /* MarvelAppUITests.swift */,
				E19F654422A944AE006D6AEC /* Info.plist */,
			);
			path = MarvelAppUITests;
			sourceTree = "<group>";
		};
		E1F70FFF23620C1800176254 /* View Model */ = {
			isa = PBXGroup;
			children = (
				E1F7100023620C5E00176254 /* MarvelCharactersViewModel.swift */,
			);
			path = "View Model";
			sourceTree = "<group>";
		};
		E8D03BD138E9BB76FF2DBD6E /* Frameworks */ = {
			isa = PBXGroup;
			children = (
				E1610B0022AAD908007AE66D /* WebKit.framework */,
				95DE903957BDFA82C7550F46 /* Pods_MarvelApp.framework */,
			);
			name = Frameworks;
			sourceTree = "<group>";
		};
		FACD584922CFF358002A20CF /* Model */ = {
			isa = PBXGroup;
			children = (
				FACD585022CFFE94002A20CF /* Hero.swift */,
				FACD585222CFFF5E002A20CF /* HeroData.swift */,
				FACD585422D0013B002A20CF /* HeroInfo.swift */,
				FACD585622D001CB002A20CF /* Thumbnail.swift */,
			);
			path = Model;
			sourceTree = "<group>";
		};
		FACD584A22CFF377002A20CF /* MarvelHeroesList */ = {
			isa = PBXGroup;
			children = (
				B39D0B8923F0DA9900C49D70 /* Router */,
				FACD584F22CFF46E002A20CF /* Cell */,
				FACD584922CFF358002A20CF /* Model */,
				E1F70FFF23620C1800176254 /* View Model */,
				B39D0B6823F0823100C49D70 /* MarvelHeroesViewController.xib */,
				B39D0B8723F0D28400C49D70 /* MarvelHeroesViewController.swift */,
			);
			path = MarvelHeroesList;
			sourceTree = "<group>";
		};
		FACD584F22CFF46E002A20CF /* Cell */ = {
			isa = PBXGroup;
			children = (
				FACD584C22CFF460002A20CF /* MarvelHeroes.xib */,
				B39D0B6C23F0966200C49D70 /* MarvelHeroes.swift */,
			);
			path = Cell;
			sourceTree = "<group>";
		};
		FACD585C22D019DE002A20CF /* Network */ = {
			isa = PBXGroup;
			children = (
				B3F3EE7623F2318800E2B54F /* SearchHero */,
				B3F3EE7523F2316800E2B54F /* ListHeroes */,
				B3F3EE7123F2000800E2B54F /* ApiRequester.swift */,
				B3F3EE6F23F1FAC700E2B54F /* Endpoint.swift */,
			);
			path = Network;
			sourceTree = "<group>";
		};
/* End PBXGroup section */

/* Begin PBXNativeTarget section */
		E19F651E22A944AC006D6AEC /* MarvelApp */ = {
			isa = PBXNativeTarget;
			buildConfigurationList = E19F654722A944AE006D6AEC /* Build configuration list for PBXNativeTarget "MarvelApp" */;
			buildPhases = (
				F9841175615D1A1BEFADCAED /* [CP] Check Pods Manifest.lock */,
				E19F651B22A944AC006D6AEC /* Sources */,
				E19F651C22A944AC006D6AEC /* Frameworks */,
				E19F651D22A944AC006D6AEC /* Resources */,
				9D8A9A38A2380EC9D2B74279 /* [CP] Embed Pods Frameworks */,
			);
			buildRules = (
			);
			dependencies = (
			);
			name = MarvelApp;
			productName = MarvelApp;
			productReference = E19F651F22A944AC006D6AEC /* MarvelApp.app */;
			productType = "com.apple.product-type.application";
		};
		E19F653222A944AE006D6AEC /* MarvelAppTests */ = {
			isa = PBXNativeTarget;
			buildConfigurationList = E19F654A22A944AE006D6AEC /* Build configuration list for PBXNativeTarget "MarvelAppTests" */;
			buildPhases = (
				E19F652F22A944AE006D6AEC /* Sources */,
				E19F653022A944AE006D6AEC /* Frameworks */,
				E19F653122A944AE006D6AEC /* Resources */,
			);
			buildRules = (
			);
			dependencies = (
				E19F653522A944AE006D6AEC /* PBXTargetDependency */,
			);
			name = MarvelAppTests;
			productName = MarvelAppTests;
			productReference = E19F653322A944AE006D6AEC /* MarvelAppTests.xctest */;
			productType = "com.apple.product-type.bundle.unit-test";
		};
		E19F653D22A944AE006D6AEC /* MarvelAppUITests */ = {
			isa = PBXNativeTarget;
			buildConfigurationList = E19F654D22A944AE006D6AEC /* Build configuration list for PBXNativeTarget "MarvelAppUITests" */;
			buildPhases = (
				E19F653A22A944AE006D6AEC /* Sources */,
				E19F653B22A944AE006D6AEC /* Frameworks */,
				E19F653C22A944AE006D6AEC /* Resources */,
			);
			buildRules = (
			);
			dependencies = (
				E19F654022A944AE006D6AEC /* PBXTargetDependency */,
			);
			name = MarvelAppUITests;
			productName = MarvelAppUITests;
			productReference = E19F653E22A944AE006D6AEC /* MarvelAppUITests.xctest */;
			productType = "com.apple.product-type.bundle.ui-testing";
		};
/* End PBXNativeTarget section */

/* Begin PBXProject section */
		E19F651722A944AC006D6AEC /* Project object */ = {
			isa = PBXProject;
			attributes = {
				LastSwiftUpdateCheck = 1020;
				LastUpgradeCheck = 1020;
				ORGANIZATIONNAME = "Pamela Ianovalli";
				TargetAttributes = {
					E19F651E22A944AC006D6AEC = {
						CreatedOnToolsVersion = 10.2.1;
					};
					E19F653222A944AE006D6AEC = {
						CreatedOnToolsVersion = 10.2.1;
						TestTargetID = E19F651E22A944AC006D6AEC;
					};
					E19F653D22A944AE006D6AEC = {
						CreatedOnToolsVersion = 10.2.1;
						TestTargetID = E19F651E22A944AC006D6AEC;
					};
				};
			};
			buildConfigurationList = E19F651A22A944AC006D6AEC /* Build configuration list for PBXProject "MarvelApp" */;
			compatibilityVersion = "Xcode 9.3";
			developmentRegion = en;
			hasScannedForEncodings = 0;
			knownRegions = (
				en,
				Base,
			);
			mainGroup = E19F651622A944AC006D6AEC;
			productRefGroup = E19F652022A944AC006D6AEC /* Products */;
			projectDirPath = "";
			projectRoot = "";
			targets = (
				E19F651E22A944AC006D6AEC /* MarvelApp */,
				E19F653222A944AE006D6AEC /* MarvelAppTests */,
				E19F653D22A944AE006D6AEC /* MarvelAppUITests */,
			);
		};
/* End PBXProject section */

/* Begin PBXResourcesBuildPhase section */
		E19F651D22A944AC006D6AEC /* Resources */ = {
			isa = PBXResourcesBuildPhase;
			buildActionMask = 2147483647;
			files = (
				B39D0B8023F0B01E00C49D70 /* MarvelHeroesDetailViewController.xib in Resources */,
				B39D0B6E23F09B1500C49D70 /* MarvelHeroes.xib in Resources */,
				E19F652A22A944AE006D6AEC /* Assets.xcassets in Resources */,
				B39D0B6A23F0823100C49D70 /* MarvelHeroesViewController.xib in Resources */,
			);
			runOnlyForDeploymentPostprocessing = 0;
		};
		E19F653122A944AE006D6AEC /* Resources */ = {
			isa = PBXResourcesBuildPhase;
			buildActionMask = 2147483647;
			files = (
			);
			runOnlyForDeploymentPostprocessing = 0;
		};
		E19F653C22A944AE006D6AEC /* Resources */ = {
			isa = PBXResourcesBuildPhase;
			buildActionMask = 2147483647;
			files = (
			);
			runOnlyForDeploymentPostprocessing = 0;
		};
/* End PBXResourcesBuildPhase section */

/* Begin PBXShellScriptBuildPhase section */
		9D8A9A38A2380EC9D2B74279 /* [CP] Embed Pods Frameworks */ = {
			isa = PBXShellScriptBuildPhase;
			buildActionMask = 2147483647;
			files = (
			);
			inputFileListPaths = (
				"${PODS_ROOT}/Target Support Files/Pods-MarvelApp/Pods-MarvelApp-frameworks-${CONFIGURATION}-input-files.xcfilelist",
			);
			name = "[CP] Embed Pods Frameworks";
			outputFileListPaths = (
				"${PODS_ROOT}/Target Support Files/Pods-MarvelApp/Pods-MarvelApp-frameworks-${CONFIGURATION}-output-files.xcfilelist",
			);
			runOnlyForDeploymentPostprocessing = 0;
			shellPath = /bin/sh;
			shellScript = "\"${PODS_ROOT}/Target Support Files/Pods-MarvelApp/Pods-MarvelApp-frameworks.sh\"\n";
			showEnvVarsInLog = 0;
		};
		F9841175615D1A1BEFADCAED /* [CP] Check Pods Manifest.lock */ = {
			isa = PBXShellScriptBuildPhase;
			buildActionMask = 2147483647;
			files = (
			);
			inputFileListPaths = (
			);
			inputPaths = (
				"${PODS_PODFILE_DIR_PATH}/Podfile.lock",
				"${PODS_ROOT}/Manifest.lock",
			);
			name = "[CP] Check Pods Manifest.lock";
			outputFileListPaths = (
			);
			outputPaths = (
				"$(DERIVED_FILE_DIR)/Pods-MarvelApp-checkManifestLockResult.txt",
			);
			runOnlyForDeploymentPostprocessing = 0;
			shellPath = /bin/sh;
			shellScript = "diff \"${PODS_PODFILE_DIR_PATH}/Podfile.lock\" \"${PODS_ROOT}/Manifest.lock\" > /dev/null\nif [ $? != 0 ] ; then\n    # print error to STDERR\n    echo \"error: The sandbox is not in sync with the Podfile.lock. Run 'pod install' or update your CocoaPods installation.\" >&2\n    exit 1\nfi\n# This output is used by Xcode 'outputs' to avoid re-running this script phase.\necho \"SUCCESS\" > \"${SCRIPT_OUTPUT_FILE_0}\"\n";
			showEnvVarsInLog = 0;
		};
/* End PBXShellScriptBuildPhase section */

/* Begin PBXSourcesBuildPhase section */
		E19F651B22A944AC006D6AEC /* Sources */ = {
			isa = PBXSourcesBuildPhase;
			buildActionMask = 2147483647;
			files = (
				B39D0B7F23F0B01E00C49D70 /* MarvelHeroesDetailViewController.swift in Sources */,
				B39D0B8B23F0DAB300C49D70 /* MarvelHeroesRouter.swift in Sources */,
				B39D0B7C23F0AB6500C49D70 /* URLElement.swift in Sources */,
				B3F3EE7423F201CA00E2B54F /* HeroService.swift in Sources */,
				B3F3EE7223F2000800E2B54F /* ApiRequester.swift in Sources */,
				B39D0B8623F0B12F00C49D70 /* Result.swift in Sources */,
				E1F7100123620C5E00176254 /* MarvelCharactersViewModel.swift in Sources */,
				B39D0B6D23F0966200C49D70 /* MarvelHeroes.swift in Sources */,
				FACD585322CFFF5E002A20CF /* HeroData.swift in Sources */,
				B39D0B8423F0B10D00C49D70 /* DataClass.swift in Sources */,
				FACD585722D001CB002A20CF /* Thumbnail.swift in Sources */,
				B39D0B7223F0A8FF00C49D70 /* Comics.swift in Sources */,
				B39D0B7A23F0AB3E00C49D70 /* ThumbnailDetail.swift in Sources */,
				FACD585522D0013B002A20CF /* HeroInfo.swift in Sources */,
				B3F3EE6E23F1E0E800E2B54F /* InitialRouter.swift in Sources */,
				B39D0B8223F0B0B200C49D70 /* HeroDetail.swift in Sources */,
				E19F652322A944AC006D6AEC /* AppDelegate.swift in Sources */,
				FACD585E22D01A01002A20CF /* ListHeroesService.swift in Sources */,
				B39D0B7623F0AAE300C49D70 /* Stories.swift in Sources */,
				B39D0B7823F0AB0900C49D70 /* StoriesItem.swift in Sources */,
				B39D0B7423F0AAC700C49D70 /* ComicsItem.swift in Sources */,
				B39D0B8823F0D28400C49D70 /* MarvelHeroesViewController.swift in Sources */,
				B3F3EE7023F1FAC700E2B54F /* Endpoint.swift in Sources */,
				FACD585122CFFE94002A20CF /* Hero.swift in Sources */,
			);
			runOnlyForDeploymentPostprocessing = 0;
		};
		E19F652F22A944AE006D6AEC /* Sources */ = {
			isa = PBXSourcesBuildPhase;
			buildActionMask = 2147483647;
			files = (
			);
			runOnlyForDeploymentPostprocessing = 0;
		};
		E19F653A22A944AE006D6AEC /* Sources */ = {
			isa = PBXSourcesBuildPhase;
			buildActionMask = 2147483647;
			files = (
				E19F654322A944AE006D6AEC /* MarvelAppUITests.swift in Sources */,
			);
			runOnlyForDeploymentPostprocessing = 0;
		};
/* End PBXSourcesBuildPhase section */

/* Begin PBXTargetDependency section */
		E19F653522A944AE006D6AEC /* PBXTargetDependency */ = {
			isa = PBXTargetDependency;
			target = E19F651E22A944AC006D6AEC /* MarvelApp */;
			targetProxy = E19F653422A944AE006D6AEC /* PBXContainerItemProxy */;
		};
		E19F654022A944AE006D6AEC /* PBXTargetDependency */ = {
			isa = PBXTargetDependency;
			target = E19F651E22A944AC006D6AEC /* MarvelApp */;
			targetProxy = E19F653F22A944AE006D6AEC /* PBXContainerItemProxy */;
		};
/* End PBXTargetDependency section */

/* Begin XCBuildConfiguration section */
		E19F654522A944AE006D6AEC /* Debug */ = {
			isa = XCBuildConfiguration;
			buildSettings = {
				ALWAYS_SEARCH_USER_PATHS = NO;
				CLANG_ANALYZER_NONNULL = YES;
				CLANG_ANALYZER_NUMBER_OBJECT_CONVERSION = YES_AGGRESSIVE;
				CLANG_CXX_LANGUAGE_STANDARD = "gnu++14";
				CLANG_CXX_LIBRARY = "libc++";
				CLANG_ENABLE_MODULES = YES;
				CLANG_ENABLE_OBJC_ARC = YES;
				CLANG_ENABLE_OBJC_WEAK = YES;
				CLANG_WARN_BLOCK_CAPTURE_AUTORELEASING = YES;
				CLANG_WARN_BOOL_CONVERSION = YES;
				CLANG_WARN_COMMA = YES;
				CLANG_WARN_CONSTANT_CONVERSION = YES;
				CLANG_WARN_DEPRECATED_OBJC_IMPLEMENTATIONS = YES;
				CLANG_WARN_DIRECT_OBJC_ISA_USAGE = YES_ERROR;
				CLANG_WARN_DOCUMENTATION_COMMENTS = YES;
				CLANG_WARN_EMPTY_BODY = YES;
				CLANG_WARN_ENUM_CONVERSION = YES;
				CLANG_WARN_INFINITE_RECURSION = YES;
				CLANG_WARN_INT_CONVERSION = YES;
				CLANG_WARN_NON_LITERAL_NULL_CONVERSION = YES;
				CLANG_WARN_OBJC_IMPLICIT_RETAIN_SELF = YES;
				CLANG_WARN_OBJC_LITERAL_CONVERSION = YES;
				CLANG_WARN_OBJC_ROOT_CLASS = YES_ERROR;
				CLANG_WARN_RANGE_LOOP_ANALYSIS = YES;
				CLANG_WARN_STRICT_PROTOTYPES = YES;
				CLANG_WARN_SUSPICIOUS_MOVE = YES;
				CLANG_WARN_UNGUARDED_AVAILABILITY = YES_AGGRESSIVE;
				CLANG_WARN_UNREACHABLE_CODE = YES;
				CLANG_WARN__DUPLICATE_METHOD_MATCH = YES;
				CODE_SIGN_IDENTITY = "iPhone Developer";
				COPY_PHASE_STRIP = NO;
				DEBUG_INFORMATION_FORMAT = dwarf;
				ENABLE_STRICT_OBJC_MSGSEND = YES;
				ENABLE_TESTABILITY = YES;
				GCC_C_LANGUAGE_STANDARD = gnu11;
				GCC_DYNAMIC_NO_PIC = NO;
				GCC_NO_COMMON_BLOCKS = YES;
				GCC_OPTIMIZATION_LEVEL = 0;
				GCC_PREPROCESSOR_DEFINITIONS = (
					"DEBUG=1",
					"$(inherited)",
				);
				GCC_WARN_64_TO_32_BIT_CONVERSION = YES;
				GCC_WARN_ABOUT_RETURN_TYPE = YES_ERROR;
				GCC_WARN_UNDECLARED_SELECTOR = YES;
				GCC_WARN_UNINITIALIZED_AUTOS = YES_AGGRESSIVE;
				GCC_WARN_UNUSED_FUNCTION = YES;
				GCC_WARN_UNUSED_VARIABLE = YES;
				IPHONEOS_DEPLOYMENT_TARGET = 12.2;
				MTL_ENABLE_DEBUG_INFO = INCLUDE_SOURCE;
				MTL_FAST_MATH = YES;
				ONLY_ACTIVE_ARCH = YES;
				SDKROOT = iphoneos;
				SWIFT_ACTIVE_COMPILATION_CONDITIONS = DEBUG;
				SWIFT_OPTIMIZATION_LEVEL = "-Onone";
			};
			name = Debug;
		};
		E19F654622A944AE006D6AEC /* Release */ = {
			isa = XCBuildConfiguration;
			buildSettings = {
				ALWAYS_SEARCH_USER_PATHS = NO;
				CLANG_ANALYZER_NONNULL = YES;
				CLANG_ANALYZER_NUMBER_OBJECT_CONVERSION = YES_AGGRESSIVE;
				CLANG_CXX_LANGUAGE_STANDARD = "gnu++14";
				CLANG_CXX_LIBRARY = "libc++";
				CLANG_ENABLE_MODULES = YES;
				CLANG_ENABLE_OBJC_ARC = YES;
				CLANG_ENABLE_OBJC_WEAK = YES;
				CLANG_WARN_BLOCK_CAPTURE_AUTORELEASING = YES;
				CLANG_WARN_BOOL_CONVERSION = YES;
				CLANG_WARN_COMMA = YES;
				CLANG_WARN_CONSTANT_CONVERSION = YES;
				CLANG_WARN_DEPRECATED_OBJC_IMPLEMENTATIONS = YES;
				CLANG_WARN_DIRECT_OBJC_ISA_USAGE = YES_ERROR;
				CLANG_WARN_DOCUMENTATION_COMMENTS = YES;
				CLANG_WARN_EMPTY_BODY = YES;
				CLANG_WARN_ENUM_CONVERSION = YES;
				CLANG_WARN_INFINITE_RECURSION = YES;
				CLANG_WARN_INT_CONVERSION = YES;
				CLANG_WARN_NON_LITERAL_NULL_CONVERSION = YES;
				CLANG_WARN_OBJC_IMPLICIT_RETAIN_SELF = YES;
				CLANG_WARN_OBJC_LITERAL_CONVERSION = YES;
				CLANG_WARN_OBJC_ROOT_CLASS = YES_ERROR;
				CLANG_WARN_RANGE_LOOP_ANALYSIS = YES;
				CLANG_WARN_STRICT_PROTOTYPES = YES;
				CLANG_WARN_SUSPICIOUS_MOVE = YES;
				CLANG_WARN_UNGUARDED_AVAILABILITY = YES_AGGRESSIVE;
				CLANG_WARN_UNREACHABLE_CODE = YES;
				CLANG_WARN__DUPLICATE_METHOD_MATCH = YES;
				CODE_SIGN_IDENTITY = "iPhone Developer";
				COPY_PHASE_STRIP = NO;
				DEBUG_INFORMATION_FORMAT = "dwarf-with-dsym";
				ENABLE_NS_ASSERTIONS = NO;
				ENABLE_STRICT_OBJC_MSGSEND = YES;
				GCC_C_LANGUAGE_STANDARD = gnu11;
				GCC_NO_COMMON_BLOCKS = YES;
				GCC_WARN_64_TO_32_BIT_CONVERSION = YES;
				GCC_WARN_ABOUT_RETURN_TYPE = YES_ERROR;
				GCC_WARN_UNDECLARED_SELECTOR = YES;
				GCC_WARN_UNINITIALIZED_AUTOS = YES_AGGRESSIVE;
				GCC_WARN_UNUSED_FUNCTION = YES;
				GCC_WARN_UNUSED_VARIABLE = YES;
				IPHONEOS_DEPLOYMENT_TARGET = 12.2;
				MTL_ENABLE_DEBUG_INFO = NO;
				MTL_FAST_MATH = YES;
				SDKROOT = iphoneos;
				SWIFT_COMPILATION_MODE = wholemodule;
				SWIFT_OPTIMIZATION_LEVEL = "-O";
				VALIDATE_PRODUCT = YES;
			};
			name = Release;
		};
		E19F654822A944AE006D6AEC /* Debug */ = {
			isa = XCBuildConfiguration;
			baseConfigurationReference = 1F8ABD969558E5B87D9EA01C /* Pods-MarvelApp.debug.xcconfig */;
			buildSettings = {
				ASSETCATALOG_COMPILER_APPICON_NAME = AppIcon;
				CODE_SIGN_STYLE = Automatic;
				DEVELOPMENT_TEAM = X74VG8LAZG;
				INFOPLIST_FILE = MarvelApp/Info.plist;
				LD_RUNPATH_SEARCH_PATHS = (
					"$(inherited)",
					"@executable_path/Frameworks",
				);
				PRODUCT_BUNDLE_IDENTIFIER = "pamela.novalli-gmail.com.MarvelApp";
				PRODUCT_NAME = "$(TARGET_NAME)";
				SWIFT_VERSION = 5.0;
				TARGETED_DEVICE_FAMILY = "1,2";
			};
			name = Debug;
		};
		E19F654922A944AE006D6AEC /* Release */ = {
			isa = XCBuildConfiguration;
			baseConfigurationReference = 11915CA7115B3C61D68CF939 /* Pods-MarvelApp.release.xcconfig */;
			buildSettings = {
				ASSETCATALOG_COMPILER_APPICON_NAME = AppIcon;
				CODE_SIGN_STYLE = Automatic;
				DEVELOPMENT_TEAM = X74VG8LAZG;
				INFOPLIST_FILE = MarvelApp/Info.plist;
				LD_RUNPATH_SEARCH_PATHS = (
					"$(inherited)",
					"@executable_path/Frameworks",
				);
				PRODUCT_BUNDLE_IDENTIFIER = "pamela.novalli-gmail.com.MarvelApp";
				PRODUCT_NAME = "$(TARGET_NAME)";
				SWIFT_VERSION = 5.0;
				TARGETED_DEVICE_FAMILY = "1,2";
			};
			name = Release;
		};
		E19F654B22A944AE006D6AEC /* Debug */ = {
			isa = XCBuildConfiguration;
			buildSettings = {
				ALWAYS_EMBED_SWIFT_STANDARD_LIBRARIES = YES;
				BUNDLE_LOADER = "$(TEST_HOST)";
				CODE_SIGN_STYLE = Automatic;
				DEVELOPMENT_TEAM = X74VG8LAZG;
				INFOPLIST_FILE = MarvelAppTests/Info.plist;
				LD_RUNPATH_SEARCH_PATHS = (
					"$(inherited)",
					"@executable_path/Frameworks",
					"@loader_path/Frameworks",
				);
				PRODUCT_BUNDLE_IDENTIFIER = "pamela.novalli-gmail.com.MarvelAppTests";
				PRODUCT_NAME = "$(TARGET_NAME)";
				SWIFT_VERSION = 5.0;
				TARGETED_DEVICE_FAMILY = "1,2";
				TEST_HOST = "$(BUILT_PRODUCTS_DIR)/MarvelApp.app/MarvelApp";
			};
			name = Debug;
		};
		E19F654C22A944AE006D6AEC /* Release */ = {
			isa = XCBuildConfiguration;
			buildSettings = {
				ALWAYS_EMBED_SWIFT_STANDARD_LIBRARIES = YES;
				BUNDLE_LOADER = "$(TEST_HOST)";
				CODE_SIGN_STYLE = Automatic;
				DEVELOPMENT_TEAM = X74VG8LAZG;
				INFOPLIST_FILE = MarvelAppTests/Info.plist;
				LD_RUNPATH_SEARCH_PATHS = (
					"$(inherited)",
					"@executable_path/Frameworks",
					"@loader_path/Frameworks",
				);
				PRODUCT_BUNDLE_IDENTIFIER = "pamela.novalli-gmail.com.MarvelAppTests";
				PRODUCT_NAME = "$(TARGET_NAME)";
				SWIFT_VERSION = 5.0;
				TARGETED_DEVICE_FAMILY = "1,2";
				TEST_HOST = "$(BUILT_PRODUCTS_DIR)/MarvelApp.app/MarvelApp";
			};
			name = Release;
		};
		E19F654E22A944AE006D6AEC /* Debug */ = {
			isa = XCBuildConfiguration;
			buildSettings = {
				ALWAYS_EMBED_SWIFT_STANDARD_LIBRARIES = YES;
				CODE_SIGN_STYLE = Automatic;
				DEVELOPMENT_TEAM = X74VG8LAZG;
				INFOPLIST_FILE = MarvelAppUITests/Info.plist;
				LD_RUNPATH_SEARCH_PATHS = (
					"$(inherited)",
					"@executable_path/Frameworks",
					"@loader_path/Frameworks",
				);
				PRODUCT_BUNDLE_IDENTIFIER = "pamela.novalli-gmail.com.MarvelAppUITests";
				PRODUCT_NAME = "$(TARGET_NAME)";
				SWIFT_VERSION = 5.0;
				TARGETED_DEVICE_FAMILY = "1,2";
				TEST_TARGET_NAME = MarvelApp;
			};
			name = Debug;
		};
		E19F654F22A944AE006D6AEC /* Release */ = {
			isa = XCBuildConfiguration;
			buildSettings = {
				ALWAYS_EMBED_SWIFT_STANDARD_LIBRARIES = YES;
				CODE_SIGN_STYLE = Automatic;
				DEVELOPMENT_TEAM = X74VG8LAZG;
				INFOPLIST_FILE = MarvelAppUITests/Info.plist;
				LD_RUNPATH_SEARCH_PATHS = (
					"$(inherited)",
					"@executable_path/Frameworks",
					"@loader_path/Frameworks",
				);
				PRODUCT_BUNDLE_IDENTIFIER = "pamela.novalli-gmail.com.MarvelAppUITests";
				PRODUCT_NAME = "$(TARGET_NAME)";
				SWIFT_VERSION = 5.0;
				TARGETED_DEVICE_FAMILY = "1,2";
				TEST_TARGET_NAME = MarvelApp;
			};
			name = Release;
		};
/* End XCBuildConfiguration section */

/* Begin XCConfigurationList section */
		E19F651A22A944AC006D6AEC /* Build configuration list for PBXProject "MarvelApp" */ = {
			isa = XCConfigurationList;
			buildConfigurations = (
				E19F654522A944AE006D6AEC /* Debug */,
				E19F654622A944AE006D6AEC /* Release */,
			);
			defaultConfigurationIsVisible = 0;
			defaultConfigurationName = Release;
		};
		E19F654722A944AE006D6AEC /* Build configuration list for PBXNativeTarget "MarvelApp" */ = {
			isa = XCConfigurationList;
			buildConfigurations = (
				E19F654822A944AE006D6AEC /* Debug */,
				E19F654922A944AE006D6AEC /* Release */,
			);
			defaultConfigurationIsVisible = 0;
			defaultConfigurationName = Release;
		};
		E19F654A22A944AE006D6AEC /* Build configuration list for PBXNativeTarget "MarvelAppTests" */ = {
			isa = XCConfigurationList;
			buildConfigurations = (
				E19F654B22A944AE006D6AEC /* Debug */,
				E19F654C22A944AE006D6AEC /* Release */,
			);
			defaultConfigurationIsVisible = 0;
			defaultConfigurationName = Release;
		};
		E19F654D22A944AE006D6AEC /* Build configuration list for PBXNativeTarget "MarvelAppUITests" */ = {
			isa = XCConfigurationList;
			buildConfigurations = (
				E19F654E22A944AE006D6AEC /* Debug */,
				E19F654F22A944AE006D6AEC /* Release */,
			);
			defaultConfigurationIsVisible = 0;
			defaultConfigurationName = Release;
		};
/* End XCConfigurationList section */
	};
	rootObject = E19F651722A944AC006D6AEC /* Project object */;
}
